// !$*UTF8*$!
{
	archiveVersion = 1;
	classes = {
	};
	objectVersion = 50;
	objects = {

/* Begin PBXBuildFile section */
		F44E5C01241B6FD200D1BDE9 /* AppDelegate.swift in Sources */ = {isa = PBXBuildFile; fileRef = F44E5C00241B6FD200D1BDE9 /* AppDelegate.swift */; };
		F44E5C03241B6FD200D1BDE9 /* SceneDelegate.swift in Sources */ = {isa = PBXBuildFile; fileRef = F44E5C02241B6FD200D1BDE9 /* SceneDelegate.swift */; };
		F44E5C05241B6FD200D1BDE9 /* ViewController.swift in Sources */ = {isa = PBXBuildFile; fileRef = F44E5C04241B6FD200D1BDE9 /* ViewController.swift */; };
		F44E5C08241B6FD200D1BDE9 /* Main.storyboard in Resources */ = {isa = PBXBuildFile; fileRef = F44E5C06241B6FD200D1BDE9 /* Main.storyboard */; };
		F44E5C0A241B6FD300D1BDE9 /* Assets.xcassets in Resources */ = {isa = PBXBuildFile; fileRef = F44E5C09241B6FD300D1BDE9 /* Assets.xcassets */; };
		F44E5C0D241B6FD300D1BDE9 /* LaunchScreen.storyboard in Resources */ = {isa = PBXBuildFile; fileRef = F44E5C0B241B6FD300D1BDE9 /* LaunchScreen.storyboard */; };
/* End PBXBuildFile section */

/* Begin PBXFileReference section */
		F44E5BFD241B6FD200D1BDE9 /* Date_and_Time.app */ = {isa = PBXFileReference; explicitFileType = wrapper.application; includeInIndex = 0; path = Date_and_Time.app; sourceTree = BUILT_PRODUCTS_DIR; };
		F44E5C00241B6FD200D1BDE9 /* AppDelegate.swift */ = {isa = PBXFileReference; lastKnownFileType = sourcecode.swift; path = AppDelegate.swift; sourceTree = "<group>"; };
		F44E5C02241B6FD200D1BDE9 /* SceneDelegate.swift */ = {isa = PBXFileReference; lastKnownFileType = sourcecode.swift; path = SceneDelegate.swift; sourceTree = "<group>"; };
		F44E5C04241B6FD200D1BDE9 /* ViewController.swift */ = {isa = PBXFileReference; lastKnownFileType = sourcecode.swift; path = ViewController.swift; sourceTree = "<group>"; };
		F44E5C07241B6FD200D1BDE9 /* Base */ = {isa = PBXFileReference; lastKnownFileType = file.storyboard; name = Base; path = Base.lproj/Main.storyboard; sourceTree = "<group>"; };
		F44E5C09241B6FD300D1BDE9 /* Assets.xcassets */ = {isa = PBXFileReference; lastKnownFileType = folder.assetcatalog; path = Assets.xcassets; sourceTree = "<group>"; };
		F44E5C0C241B6FD300D1BDE9 /* Base */ = {isa = PBXFileReference; lastKnownFileType = file.storyboard; name = Base; path = Base.lproj/LaunchScreen.storyboard; sourceTree = "<group>"; };
		F44E5C0E241B6FD300D1BDE9 /* Info.plist */ = {isa = PBXFileReference; lastKnownFileType = text.plist.xml; path = Info.plist; sourceTree = "<group>"; };
/* End PBXFileReference section */

/* Begin PBXFrameworksBuildPhase section */
		F44E5BFA241B6FD200D1BDE9 /* Frameworks */ = {
			isa = PBXFrameworksBuildPhase;
			buildActionMask = 2147483647;
			files = (
			);
			runOnlyForDeploymentPostprocessing = 0;
		};
/* End PBXFrameworksBuildPhase section */

/* Begin PBXGroup section */
		F44E5BF4241B6FD200D1BDE9 = {
			isa = PBXGroup;
			children = (
				F44E5BFF241B6FD200D1BDE9 /* Date_and_Time */,
				F44E5BFE241B6FD200D1BDE9 /* Products */,
			);
			sourceTree = "<group>";
		};
		F44E5BFE241B6FD200D1BDE9 /* Products */ = {
			isa = PBXGroup;
			children = (
				F44E5BFD241B6FD200D1BDE9 /* Date_and_Time.app */,
			);
			name = Products;
			sourceTree = "<group>";
		};
		F44E5BFF241B6FD200D1BDE9 /* Date_and_Time */ = {
			isa = PBXGroup;
			children = (
				F44E5C00241B6FD200D1BDE9 /* AppDelegate.swift */,
				F44E5C02241B6FD200D1BDE9 /* SceneDelegate.swift */,
				F44E5C04241B6FD200D1BDE9 /* ViewController.swift */,
				F44E5C06241B6FD200D1BDE9 /* Main.storyboard */,
				F44E5C09241B6FD300D1BDE9 /* Assets.xcassets */,
				F44E5C0B241B6FD300D1BDE9 /* LaunchScreen.storyboard */,
				F44E5C0E241B6FD300D1BDE9 /* Info.plist */,
			);
			path = Date_and_Time;
			sourceTree = "<group>";
		};
/* End PBXGroup section */

/* Begin PBXNativeTarget section */
		F44E5BFC241B6FD200D1BDE9 /* Date_and_Time */ = {
			isa = PBXNativeTarget;
			buildConfigurationList = F44E5C11241B6FD300D1BDE9 /* Build configuration list for PBXNativeTarget "Date_and_Time" */;
			buildPhases = (
				F44E5BF9241B6FD200D1BDE9 /* Sources */,
				F44E5BFA241B6FD200D1BDE9 /* Frameworks */,
				F44E5BFB241B6FD200D1BDE9 /* Resources */,
			);
			buildRules = (
			);
			dependencies = (
			);
			name = Date_and_Time;
			productName = Date_and_Time;
			productReference = F44E5BFD241B6FD200D1BDE9 /* Date_and_Time.app */;
			productType = "com.apple.product-type.application";
		};
/* End PBXNativeTarget section */

/* Begin PBXProject section */
		F44E5BF5241B6FD200D1BDE9 /* Project object */ = {
			isa = PBXProject;
			attributes = {
				LastSwiftUpdateCheck = 1130;
				LastUpgradeCheck = 1130;
				ORGANIZATIONNAME = "Mehdi Ghannadan";
				TargetAttributes = {
					F44E5BFC241B6FD200D1BDE9 = {
						CreatedOnToolsVersion = 11.3.1;
					};
				};
			};
			buildConfigurationList = F44E5BF8241B6FD200D1BDE9 /* Build configuration list for PBXProject "Date_and_Time" */;
			compatibilityVersion = "Xcode 9.3";
			developmentRegion = en;
			hasScannedForEncodings = 0;
			knownRegions = (
				en,
				Base,
			);
			mainGroup = F44E5BF4241B6FD200D1BDE9;
			productRefGroup = F44E5BFE241B6FD200D1BDE9 /* Products */;
			projectDirPath = "";
			projectRoot = "";
			targets = (
				F44E5BFC241B6FD200D1BDE9 /* Date_and_Time */,
			);
		};
/* End PBXProject section */

/* Begin PBXResourcesBuildPhase section */
		F44E5BFB241B6FD200D1BDE9 /* Resources */ = {
			isa = PBXResourcesBuildPhase;
			buildActionMask = 2147483647;
			files = (
				F44E5C0D241B6FD300D1BDE9 /* LaunchScreen.storyboard in Resources */,
				F44E5C0A241B6FD300D1BDE9 /* Assets.xcassets in Resources */,
				F44E5C08241B6FD200D1BDE9 /* Main.storyboard in Resources */,
			);
			runOnlyForDeploymentPostprocessing = 0;
		};
/* End PBXResourcesBuildPhase section */

/* Begin PBXSourcesBuildPhase section */
		F44E5BF9241B6FD200D1BDE9 /* Sources */ = {
			isa = PBXSourcesBuildPhase;
			buildActionMask = 2147483647;
			files = (
				F44E5C05241B6FD200D1BDE9 /* ViewController.swift in Sources */,
				F44E5C01241B6FD200D1BDE9 /* AppDelegate.swift in Sources */,
				F44E5C03241B6FD200D1BDE9 /* SceneDelegate.swift in Sources */,
			);
			runOnlyForDeploymentPostprocessing = 0;
		};
/* End PBXSourcesBuildPhase section */

/* Begin PBXVariantGroup section */
		F44E5C06241B6FD200D1BDE9 /* Main.storyboard */ = {
			isa = PBXVariantGroup;
			children = (
				F44E5C07241B6FD200D1BDE9 /* Base */,
			);
			name = Main.storyboard;
			sourceTree = "<group>";
		};
		F44E5C0B241B6FD300D1BDE9 /* LaunchScreen.storyboard */ = {
			isa = PBXVariantGroup;
			children = (
				F44E5C0C241B6FD300D1BDE9 /* Base */,
			);
			name = LaunchScreen.storyboard;
			sourceTree = "<group>";
		};
/* End PBXVariantGroup section */

/* Begin XCBuildConfiguration section */
		F44E5C0F241B6FD300D1BDE9 /* Debug */ = {
			isa = XCBuildConfiguration;
			buildSettings = {
				ALWAYS_SEARCH_USER_PATHS = NO;
				CLANG_ANALYZER_NONNULL = YES;
				CLANG_ANALYZER_NUMBER_OBJECT_CONVERSION = YES_AGGRESSIVE;
				CLANG_CXX_LANGUAGE_STANDARD = "gnu++14";
				CLANG_CXX_LIBRARY = "libc++";
				CLANG_ENABLE_MODULES = YES;
				CLANG_ENABLE_OBJC_ARC = YES;
				CLANG_ENABLE_OBJC_WEAK = YES;
				CLANG_WARN_BLOCK_CAPTURE_AUTORELEASING = YES;
				CLANG_WARN_BOOL_CONVERSION = YES;
				CLANG_WARN_COMMA = YES;
				CLANG_WARN_CONSTANT_CONVERSION = YES;
				CLANG_WARN_DEPRECATED_OBJC_IMPLEMENTATIONS = YES;
				CLANG_WARN_DIRECT_OBJC_ISA_USAGE = YES_ERROR;
				CLANG_WARN_DOCUMENTATION_COMMENTS = YES;
				CLANG_WARN_EMPTY_BODY = YES;
				CLANG_WARN_ENUM_CONVERSION = YES;
				CLANG_WARN_INFINITE_RECURSION = YES;
				CLANG_WARN_INT_CONVERSION = YES;
				CLANG_WARN_NON_LITERAL_NULL_CONVERSION = YES;
				CLANG_WARN_OBJC_IMPLICIT_RETAIN_SELF = YES;
				CLANG_WARN_OBJC_LITERAL_CONVERSION = YES;
				CLANG_WARN_OBJC_ROOT_CLASS = YES_ERROR;
				CLANG_WARN_RANGE_LOOP_ANALYSIS = YES;
				CLANG_WARN_STRICT_PROTOTYPES = YES;
				CLANG_WARN_SUSPICIOUS_MOVE = YES;
				CLANG_WARN_UNGUARDED_AVAILABILITY = YES_AGGRESSIVE;
				CLANG_WARN_UNREACHABLE_CODE = YES;
				CLANG_WARN__DUPLICATE_METHOD_MATCH = YES;
				COPY_PHASE_STRIP = NO;
				DEBUG_INFORMATION_FORMAT = dwarf;
				ENABLE_STRICT_OBJC_MSGSEND = YES;
				ENABLE_TESTABILITY = YES;
				GCC_C_LANGUAGE_STANDARD = gnu11;
				GCC_DYNAMIC_NO_PIC = NO;
				GCC_NO_COMMON_BLOCKS = YES;
				GCC_OPTIMIZATION_LEVEL = 0;
				GCC_PREPROCESSOR_DEFINITIONS = (
					"DEBUG=1",
					"$(inherited)",
				);
				GCC_WARN_64_TO_32_BIT_CONVERSION = YES;
				GCC_WARN_ABOUT_RETURN_TYPE = YES_ERROR;
				GCC_WARN_UNDECLARED_SELECTOR = YES;
				GCC_WARN_UNINITIALIZED_AUTOS = YES_AGGRESSIVE;
				GCC_WARN_UNUSED_FUNCTION = YES;
				GCC_WARN_UNUSED_VARIABLE = YES;
				IPHONEOS_DEPLOYMENT_TARGET = 13.2;
				MTL_ENABLE_DEBUG_INFO = INCLUDE_SOURCE;
				MTL_FAST_MATH = YES;
				ONLY_ACTIVE_ARCH = YES;
				SDKROOT = iphoneos;
				SWIFT_ACTIVE_COMPILATION_CONDITIONS = DEBUG;
				SWIFT_OPTIMIZATION_LEVEL = "-Onone";
			};
			name = Debug;
		};
		F44E5C10241B6FD300D1BDE9 /* Release */ = {
			isa = XCBuildConfiguration;
			buildSettings = {
				ALWAYS_SEARCH_USER_PATHS = NO;
				CLANG_ANALYZER_NONNULL = YES;
				CLANG_ANALYZER_NUMBER_OBJECT_CONVERSION = YES_AGGRESSIVE;
				CLANG_CXX_LANGUAGE_STANDARD = "gnu++14";
				CLANG_CXX_LIBRARY = "libc++";
				CLANG_ENABLE_MODULES = YES;
				CLANG_ENABLE_OBJC_ARC = YES;
				CLANG_ENABLE_OBJC_WEAK = YES;
				CLANG_WARN_BLOCK_CAPTURE_AUTORELEASING = YES;
				CLANG_WARN_BOOL_CONVERSION = YES;
				CLANG_WARN_COMMA = YES;
				CLANG_WARN_CONSTANT_CONVERSION = YES;
				CLANG_WARN_DEPRECATED_OBJC_IMPLEMENTATIONS = YES;
				CLANG_WARN_DIRECT_OBJC_ISA_USAGE = YES_ERROR;
				CLANG_WARN_DOCUMENTATION_COMMENTS = YES;
				CLANG_WARN_EMPTY_BODY = YES;
				CLANG_WARN_ENUM_CONVERSION = YES;
				CLANG_WARN_INFINITE_RECURSION = YES;
				CLANG_WARN_INT_CONVERSION = YES;
				CLANG_WARN_NON_LITERAL_NULL_CONVERSION = YES;
				CLANG_WARN_OBJC_IMPLICIT_RETAIN_SELF = YES;
				CLANG_WARN_OBJC_LITERAL_CONVERSION = YES;
				CLANG_WARN_OBJC_ROOT_CLASS = YES_ERROR;
				CLANG_WARN_RANGE_LOOP_ANALYSIS = YES;
				CLANG_WARN_STRICT_PROTOTYPES = YES;
				CLANG_WARN_SUSPICIOUS_MOVE = YES;
				CLANG_WARN_UNGUARDED_AVAILABILITY = YES_AGGRESSIVE;
				CLANG_WARN_UNREACHABLE_CODE = YES;
				CLANG_WARN__DUPLICATE_METHOD_MATCH = YES;
				COPY_PHASE_STRIP = NO;
				DEBUG_INFORMATION_FORMAT = "dwarf-with-dsym";
				ENABLE_NS_ASSERTIONS = NO;
				ENABLE_STRICT_OBJC_MSGSEND = YES;
				GCC_C_LANGUAGE_STANDARD = gnu11;
				GCC_NO_COMMON_BLOCKS = YES;
				GCC_WARN_64_TO_32_BIT_CONVERSION = YES;
				GCC_WARN_ABOUT_RETURN_TYPE = YES_ERROR;
				GCC_WARN_UNDECLARED_SELECTOR = YES;
				GCC_WARN_UNINITIALIZED_AUTOS = YES_AGGRESSIVE;
				GCC_WARN_UNUSED_FUNCTION = YES;
				GCC_WARN_UNUSED_VARIABLE = YES;
				IPHONEOS_DEPLOYMENT_TARGET = 13.2;
				MTL_ENABLE_DEBUG_INFO = NO;
				MTL_FAST_MATH = YES;
				SDKROOT = iphoneos;
				SWIFT_COMPILATION_MODE = wholemodule;
				SWIFT_OPTIMIZATION_LEVEL = "-O";
				VALIDATE_PRODUCT = YES;
			};
			name = Release;
		};
		F44E5C12241B6FD300D1BDE9 /* Debug */ = {
			isa = XCBuildConfiguration;
			buildSettings = {
				ASSETCATALOG_COMPILER_APPICON_NAME = AppIcon;
				CODE_SIGN_STYLE = Automatic;
				DEVELOPMENT_TEAM = 8G9SR3VSMQ;
				INFOPLIST_FILE = Date_and_Time/Info.plist;
				LD_RUNPATH_SEARCH_PATHS = (
					"$(inherited)",
					"@executable_path/Frameworks",
				);
				PRODUCT_BUNDLE_IDENTIFIER = "mehdi.Date-and-Time";
				PRODUCT_NAME = "$(TARGET_NAME)";
				SWIFT_VERSION = 5.0;
				TARGETED_DEVICE_FAMILY = "1,2";
			};
			name = Debug;
		};
		F44E5C13241B6FD300D1BDE9 /* Release */ = {
			isa = XCBuildConfiguration;
			buildSettings = {
				ASSETCATALOG_COMPILER_APPICON_NAME = AppIcon;
				CODE_SIGN_STYLE = Automatic;
				DEVELOPMENT_TEAM = 8G9SR3VSMQ;
				INFOPLIST_FILE = Date_and_Time/Info.plist;
				LD_RUNPATH_SEARCH_PATHS = (
					"$(inherited)",
					"@executable_path/Frameworks",
				);
				PRODUCT_BUNDLE_IDENTIFIER = "mehdi.Date-and-Time";
				PRODUCT_NAME = "$(TARGET_NAME)";
				SWIFT_VERSION = 5.0;
				TARGETED_DEVICE_FAMILY = "1,2";
			};
			name = Release;
		};
/* End XCBuildConfiguration section */

/* Begin XCConfigurationList section */
		F44E5BF8241B6FD200D1BDE9 /* Build configuration list for PBXProject "Date_and_Time" */ = {
			isa = XCConfigurationList;
			buildConfigurations = (
				F44E5C0F241B6FD300D1BDE9 /* Debug */,
				F44E5C10241B6FD300D1BDE9 /* Release */,
			);
			defaultConfigurationIsVisible = 0;
			defaultConfigurationName = Release;
		};
		F44E5C11241B6FD300D1BDE9 /* Build configuration list for PBXNativeTarget "Date_and_Time" */ = {
			isa = XCConfigurationList;
			buildConfigurations = (
				F44E5C12241B6FD300D1BDE9 /* Debug */,
				F44E5C13241B6FD300D1BDE9 /* Release */,
			);
			defaultConfigurationIsVisible = 0;
			defaultConfigurationName = Release;
		};
/* End XCConfigurationList section */
	};
	rootObject = F44E5BF5241B6FD200D1BDE9 /* Project object */;
}
